{
  "originHash" : "c5c1114783fa55466c7368e1531c1a027e83d9a92cb8d0eb4151936f314af2e7",
  "pins" : [
    {
      "identity" : "polykit-swift",
      "kind" : "remoteSourceControl",
      "location" : "https://github.com/dannystewart/polykit-swift.git",
      "state" : {
        "branch" : "main",
        "revision" : "d46ac0673c2da08f2e79bef830931420d7263dca"
      }
    }
  ],
  "version" : 3
}
