{
  "originHash" : "7d7221ba20da215ecf99e2e3dbe3bfcd7945208e73bc2077425254c18306b842",
  "pins" : [
    {
      "identity" : "polylog-swift",
      "kind" : "remoteSourceControl",
      "location" : "https://github.com/dannystewart/polylog-swift.git",
      "state" : {
        "branch" : "main",
        "revision" : "ebf661f9e505e798f0e4a8f050f6744cf312e10c"
      }
    }
  ],
  "version" : 3
}
